// !$*UTF8*$!
{
	archiveVersion = 1;
	classes = {
	};
	objectVersion = 45;
	objects = {

/* Begin PBXAggregateTarget section */
		7D7139CF0F1CF4BB00B7C34B /* All */ = {
			isa = PBXAggregateTarget;
			buildConfigurationList = 7D7139DC0F1CF4ED00B7C34B /* Build configuration list for PBXAggregateTarget "All" */;
			buildPhases = (
			);
			dependencies = (
				7D7139D30F1CF4CA00B7C34B /* PBXTargetDependency */,
				7D7139D50F1CF4CE00B7C34B /* PBXTargetDependency */,
			);
			name = All;
			productName = All;
		};
		7D76E0540F1E167800A8B7CC /* Install */ = {
			isa = PBXAggregateTarget;
			buildConfigurationList = 7D76E05C0F1E16C400A8B7CC /* Build configuration list for PBXAggregateTarget "Install" */;
			buildPhases = (
				7D76E0530F1E167800A8B7CC /* CopyFiles */,
			);
			dependencies = (
				7D76E0580F1E167F00A8B7CC /* PBXTargetDependency */,
			);
			name = Install;
			productName = Install;
		};
/* End PBXAggregateTarget section */

/* Begin PBXBuildFile section */
		1DDD58160DA1D0A300B32029 /* MainMenu.xib in Resources */ = {isa = PBXBuildFile; fileRef = 1DDD58140DA1D0A300B32029 /* MainMenu.xib */; };
		7D1BD26D0F167285000BD5C2 /* bombe.png in Resources */ = {isa = PBXBuildFile; fileRef = 7D1BD26C0F167285000BD5C2 /* bombe.png */; };
		7D1BD2770F167B67000BD5C2 /* bombe__s01.png in Resources */ = {isa = PBXBuildFile; fileRef = 7D1BD2730F167B67000BD5C2 /* bombe__s01.png */; };
		7D1BD2780F167B67000BD5C2 /* bombe__s02.png in Resources */ = {isa = PBXBuildFile; fileRef = 7D1BD2740F167B67000BD5C2 /* bombe__s02.png */; };
		7D1BD2790F167B67000BD5C2 /* bombe__s03.png in Resources */ = {isa = PBXBuildFile; fileRef = 7D1BD2750F167B67000BD5C2 /* bombe__s03.png */; };
		7D1BD27A0F167B67000BD5C2 /* bombe__s04.png in Resources */ = {isa = PBXBuildFile; fileRef = 7D1BD2760F167B67000BD5C2 /* bombe__s04.png */; };
		7D246E5E0F155C9900D6C68B /* UKFileWatcher.m in Sources */ = {isa = PBXBuildFile; fileRef = 7D246E560F155C9900D6C68B /* UKFileWatcher.m */; };
		7D246E5F0F155C9900D6C68B /* UKFNSubscribeFileWatcher.m in Sources */ = {isa = PBXBuildFile; fileRef = 7D246E580F155C9900D6C68B /* UKFNSubscribeFileWatcher.m */; };
		7D246E600F155C9900D6C68B /* UKKQueue Readme.txt in Resources */ = {isa = PBXBuildFile; fileRef = 7D246E590F155C9900D6C68B /* UKKQueue Readme.txt */; };
		7D246E610F155C9900D6C68B /* UKKQueue.m in Sources */ = {isa = PBXBuildFile; fileRef = 7D246E5B0F155C9900D6C68B /* UKKQueue.m */; };
		7D246E620F155C9900D6C68B /* UKMainThreadProxy.m in Sources */ = {isa = PBXBuildFile; fileRef = 7D246E5D0F155C9900D6C68B /* UKMainThreadProxy.m */; };
		7D6E996E0F1619F6001A98E2 /* lapalourde.jpg in Resources */ = {isa = PBXBuildFile; fileRef = 7D6E996D0F1619F6001A98E2 /* lapalourde.jpg */; };
		7D6E99710F161A28001A98E2 /* PAController.m in Sources */ = {isa = PBXBuildFile; fileRef = 7D6E99700F161A28001A98E2 /* PAController.m */; };
		7D7139A60F1CF13800B7C34B /* palourde.m in Sources */ = {isa = PBXBuildFile; fileRef = 7D7139A50F1CF13800B7C34B /* palourde.m */; };
		7D713A610F1CF6F300B7C34B /* ClamavClient.m in Sources */ = {isa = PBXBuildFile; fileRef = 7D713A600F1CF6F300B7C34B /* ClamavClient.m */; };
		7D713A620F1CF6F300B7C34B /* ClamavClient.m in Sources */ = {isa = PBXBuildFile; fileRef = 7D713A600F1CF6F300B7C34B /* ClamavClient.m */; };
		7D76E0590F1E168F00A8B7CC /* Palourde.app in CopyFiles */ = {isa = PBXBuildFile; fileRef = 8D1107320486CEB800E47090 /* Palourde.app */; };
		7DF1BCD00F195B5C00D807B1 /* Growl.framework in Frameworks */ = {isa = PBXBuildFile; fileRef = 7DF1BCCF0F195B5C00D807B1 /* Growl.framework */; };
		7DF1BCDC0F195B9500D807B1 /* Growl.framework in CopyFiles */ = {isa = PBXBuildFile; fileRef = 7DF1BCCF0F195B5C00D807B1 /* Growl.framework */; };
		8D11072B0486CEB800E47090 /* InfoPlist.strings in Resources */ = {isa = PBXBuildFile; fileRef = 089C165CFE840E0CC02AAC07 /* InfoPlist.strings */; };
		8D11072D0486CEB800E47090 /* main.m in Sources */ = {isa = PBXBuildFile; fileRef = 29B97316FDCFA39411CA2CEA /* main.m */; settings = {ATTRIBUTES = (); }; };
		8D11072F0486CEB800E47090 /* Cocoa.framework in Frameworks */ = {isa = PBXBuildFile; fileRef = 1058C7A1FEA54F0111CA2CBB /* Cocoa.framework */; };
/* End PBXBuildFile section */

/* Begin PBXContainerItemProxy section */
		7D7139D20F1CF4CA00B7C34B /* PBXContainerItemProxy */ = {
			isa = PBXContainerItemProxy;
			containerPortal = 29B97313FDCFA39411CA2CEA /* Project object */;
			proxyType = 1;
			remoteGlobalIDString = 8D1107260486CEB800E47090;
			remoteInfo = Palourde;
		};
		7D7139D40F1CF4CE00B7C34B /* PBXContainerItemProxy */ = {
			isa = PBXContainerItemProxy;
			containerPortal = 29B97313FDCFA39411CA2CEA /* Project object */;
			proxyType = 1;
			remoteGlobalIDString = 7D7139850F1CF00400B7C34B;
			remoteInfo = palourde;
		};
		7D76E0570F1E167F00A8B7CC /* PBXContainerItemProxy */ = {
			isa = PBXContainerItemProxy;
			containerPortal = 29B97313FDCFA39411CA2CEA /* Project object */;
			proxyType = 1;
			remoteGlobalIDString = 8D1107260486CEB800E47090 /* Palourde */;
			remoteInfo = Palourde;
		};
/* End PBXContainerItemProxy section */

/* Begin PBXCopyFilesBuildPhase section */
		7D76E0530F1E167800A8B7CC /* CopyFiles */ = {
			isa = PBXCopyFilesBuildPhase;
			buildActionMask = 2147483647;
			dstPath = /Library/Palourde/;
			dstSubfolderSpec = 0;
			files = (
				7D76E0590F1E168F00A8B7CC /* Palourde.app in CopyFiles */,
			);
			runOnlyForDeploymentPostprocessing = 0;
		};
		7DF1BCD60F195B7400D807B1 /* CopyFiles */ = {
			isa = PBXCopyFilesBuildPhase;
			buildActionMask = 2147483647;
			dstPath = "";
			dstSubfolderSpec = 10;
			files = (
				7DF1BCDC0F195B9500D807B1 /* Growl.framework in CopyFiles */,
			);
			runOnlyForDeploymentPostprocessing = 0;
		};
/* End PBXCopyFilesBuildPhase section */

/* Begin PBXFileReference section */
		089C165DFE840E0CC02AAC07 /* English */ = {isa = PBXFileReference; fileEncoding = 10; lastKnownFileType = text.plist.strings; name = English; path = English.lproj/InfoPlist.strings; sourceTree = "<group>"; };
		1058C7A1FEA54F0111CA2CBB /* Cocoa.framework */ = {isa = PBXFileReference; lastKnownFileType = wrapper.framework; name = Cocoa.framework; path = /System/Library/Frameworks/Cocoa.framework; sourceTree = "<absolute>"; };
		13E42FB307B3F0F600E4EEF1 /* CoreData.framework */ = {isa = PBXFileReference; lastKnownFileType = wrapper.framework; name = CoreData.framework; path = /System/Library/Frameworks/CoreData.framework; sourceTree = "<absolute>"; };
		1DDD58150DA1D0A300B32029 /* English */ = {isa = PBXFileReference; lastKnownFileType = file.xib; name = English; path = English.lproj/MainMenu.xib; sourceTree = "<group>"; };
		29B97316FDCFA39411CA2CEA /* main.m */ = {isa = PBXFileReference; fileEncoding = 4; lastKnownFileType = sourcecode.c.objc; path = main.m; sourceTree = "<group>"; };
		29B97324FDCFA39411CA2CEA /* AppKit.framework */ = {isa = PBXFileReference; lastKnownFileType = wrapper.framework; name = AppKit.framework; path = /System/Library/Frameworks/AppKit.framework; sourceTree = "<absolute>"; };
		29B97325FDCFA39411CA2CEA /* Foundation.framework */ = {isa = PBXFileReference; lastKnownFileType = wrapper.framework; name = Foundation.framework; path = /System/Library/Frameworks/Foundation.framework; sourceTree = "<absolute>"; };
		32CA4F630368D1EE00C91783 /* Palourde_Prefix.pch */ = {isa = PBXFileReference; fileEncoding = 4; lastKnownFileType = sourcecode.c.h; path = Palourde_Prefix.pch; sourceTree = "<group>"; };
		7D1BD26C0F167285000BD5C2 /* bombe.png */ = {isa = PBXFileReference; lastKnownFileType = image.png; path = bombe.png; sourceTree = "<group>"; };
		7D1BD2730F167B67000BD5C2 /* bombe__s01.png */ = {isa = PBXFileReference; lastKnownFileType = image.png; path = bombe__s01.png; sourceTree = "<group>"; };
		7D1BD2740F167B67000BD5C2 /* bombe__s02.png */ = {isa = PBXFileReference; lastKnownFileType = image.png; path = bombe__s02.png; sourceTree = "<group>"; };
		7D1BD2750F167B67000BD5C2 /* bombe__s03.png */ = {isa = PBXFileReference; lastKnownFileType = image.png; path = bombe__s03.png; sourceTree = "<group>"; };
		7D1BD2760F167B67000BD5C2 /* bombe__s04.png */ = {isa = PBXFileReference; lastKnownFileType = image.png; path = bombe__s04.png; sourceTree = "<group>"; };
		7D246E550F155C9900D6C68B /* UKFileWatcher.h */ = {isa = PBXFileReference; fileEncoding = 4; lastKnownFileType = sourcecode.c.h; name = UKFileWatcher.h; path = UKKQueue/UKFileWatcher.h; sourceTree = SOURCE_ROOT; };
		7D246E560F155C9900D6C68B /* UKFileWatcher.m */ = {isa = PBXFileReference; fileEncoding = 4; lastKnownFileType = sourcecode.c.objc; name = UKFileWatcher.m; path = UKKQueue/UKFileWatcher.m; sourceTree = SOURCE_ROOT; };
		7D246E570F155C9900D6C68B /* UKFNSubscribeFileWatcher.h */ = {isa = PBXFileReference; fileEncoding = 4; lastKnownFileType = sourcecode.c.h; name = UKFNSubscribeFileWatcher.h; path = UKKQueue/UKFNSubscribeFileWatcher.h; sourceTree = SOURCE_ROOT; };
		7D246E580F155C9900D6C68B /* UKFNSubscribeFileWatcher.m */ = {isa = PBXFileReference; fileEncoding = 4; lastKnownFileType = sourcecode.c.objc; name = UKFNSubscribeFileWatcher.m; path = UKKQueue/UKFNSubscribeFileWatcher.m; sourceTree = SOURCE_ROOT; };
		7D246E590F155C9900D6C68B /* UKKQueue Readme.txt */ = {isa = PBXFileReference; fileEncoding = 4; lastKnownFileType = text; name = "UKKQueue Readme.txt"; path = "UKKQueue/UKKQueue Readme.txt"; sourceTree = SOURCE_ROOT; };
		7D246E5A0F155C9900D6C68B /* UKKQueue.h */ = {isa = PBXFileReference; fileEncoding = 4; lastKnownFileType = sourcecode.c.h; name = UKKQueue.h; path = UKKQueue/UKKQueue.h; sourceTree = SOURCE_ROOT; };
		7D246E5B0F155C9900D6C68B /* UKKQueue.m */ = {isa = PBXFileReference; fileEncoding = 4; lastKnownFileType = sourcecode.c.objc; name = UKKQueue.m; path = UKKQueue/UKKQueue.m; sourceTree = SOURCE_ROOT; };
		7D246E5C0F155C9900D6C68B /* UKMainThreadProxy.h */ = {isa = PBXFileReference; fileEncoding = 4; lastKnownFileType = sourcecode.c.h; name = UKMainThreadProxy.h; path = UKKQueue/UKMainThreadProxy.h; sourceTree = SOURCE_ROOT; };
		7D246E5D0F155C9900D6C68B /* UKMainThreadProxy.m */ = {isa = PBXFileReference; fileEncoding = 4; lastKnownFileType = sourcecode.c.objc; name = UKMainThreadProxy.m; path = UKKQueue/UKMainThreadProxy.m; sourceTree = SOURCE_ROOT; };
		7D6E996D0F1619F6001A98E2 /* lapalourde.jpg */ = {isa = PBXFileReference; lastKnownFileType = image.jpeg; path = lapalourde.jpg; sourceTree = "<group>"; };
		7D6E996F0F161A28001A98E2 /* PAController.h */ = {isa = PBXFileReference; fileEncoding = 4; lastKnownFileType = sourcecode.c.h; path = PAController.h; sourceTree = "<group>"; };
		7D6E99700F161A28001A98E2 /* PAController.m */ = {isa = PBXFileReference; fileEncoding = 4; lastKnownFileType = sourcecode.c.objc; path = PAController.m; sourceTree = "<group>"; };
		7D7139860F1CF00400B7C34B /* palourde */ = {isa = PBXFileReference; explicitFileType = "compiled.mach-o.executable"; includeInIndex = 0; path = palourde; sourceTree = BUILT_PRODUCTS_DIR; };
		7D7139A50F1CF13800B7C34B /* palourde.m */ = {isa = PBXFileReference; fileEncoding = 4; lastKnownFileType = sourcecode.c.objc; path = palourde.m; sourceTree = "<group>"; };
		7D713A5F0F1CF6F300B7C34B /* ClamavClient.h */ = {isa = PBXFileReference; fileEncoding = 4; lastKnownFileType = sourcecode.c.h; path = ClamavClient.h; sourceTree = "<group>"; };
		7D713A600F1CF6F300B7C34B /* ClamavClient.m */ = {isa = PBXFileReference; fileEncoding = 4; lastKnownFileType = sourcecode.c.objc; path = ClamavClient.m; sourceTree = "<group>"; };
		7DF1BC670F194D4900D807B1 /* Growl Registration Ticket.growlRegDict */ = {isa = PBXFileReference; fileEncoding = 4; lastKnownFileType = text.xml; path = "Growl Registration Ticket.growlRegDict"; sourceTree = "<group>"; };
		7DF1BCCF0F195B5C00D807B1 /* Growl.framework */ = {isa = PBXFileReference; lastKnownFileType = wrapper.framework; path = Growl.framework; sourceTree = "<group>"; };
		8D1107310486CEB800E47090 /* Info.plist */ = {isa = PBXFileReference; fileEncoding = 4; lastKnownFileType = text.plist.xml; path = Info.plist; sourceTree = "<group>"; };
		8D1107320486CEB800E47090 /* Palourde.app */ = {isa = PBXFileReference; explicitFileType = wrapper.application; includeInIndex = 0; path = Palourde.app; sourceTree = BUILT_PRODUCTS_DIR; };
/* End PBXFileReference section */

/* Begin PBXFrameworksBuildPhase section */
		7D7139840F1CF00400B7C34B /* Frameworks */ = {
			isa = PBXFrameworksBuildPhase;
			buildActionMask = 2147483647;
			files = (
			);
			runOnlyForDeploymentPostprocessing = 0;
		};
		8D11072E0486CEB800E47090 /* Frameworks */ = {
			isa = PBXFrameworksBuildPhase;
			buildActionMask = 2147483647;
			files = (
				8D11072F0486CEB800E47090 /* Cocoa.framework in Frameworks */,
				7DF1BCD00F195B5C00D807B1 /* Growl.framework in Frameworks */,
			);
			runOnlyForDeploymentPostprocessing = 0;
		};
/* End PBXFrameworksBuildPhase section */

/* Begin PBXGroup section */
		080E96DDFE201D6D7F000001 /* Classes */ = {
			isa = PBXGroup;
			children = (
				7D713A5F0F1CF6F300B7C34B /* ClamavClient.h */,
				7D713A600F1CF6F300B7C34B /* ClamavClient.m */,
			);
			name = Classes;
			sourceTree = "<group>";
		};
		1058C7A0FEA54F0111CA2CBB /* Linked Frameworks */ = {
			isa = PBXGroup;
			children = (
				1058C7A1FEA54F0111CA2CBB /* Cocoa.framework */,
			);
			name = "Linked Frameworks";
			sourceTree = "<group>";
		};
		1058C7A2FEA54F0111CA2CBB /* Other Frameworks */ = {
			isa = PBXGroup;
			children = (
				7DF1BCCF0F195B5C00D807B1 /* Growl.framework */,
				29B97324FDCFA39411CA2CEA /* AppKit.framework */,
				13E42FB307B3F0F600E4EEF1 /* CoreData.framework */,
				29B97325FDCFA39411CA2CEA /* Foundation.framework */,
			);
			name = "Other Frameworks";
			sourceTree = "<group>";
		};
		19C28FACFE9D520D11CA2CBB /* Products */ = {
			isa = PBXGroup;
			children = (
				8D1107320486CEB800E47090 /* Palourde.app */,
				7D7139860F1CF00400B7C34B /* palourde */,
			);
			name = Products;
			sourceTree = "<group>";
		};
		29B97314FDCFA39411CA2CEA /* Palourde */ = {
			isa = PBXGroup;
			children = (
				7DB23AA00F1D02F5006C2ACF /* preferencePane */,
				7DB23A9F0F1D02CD006C2ACF /* external */,
				7DB23A9D0F1D027B006C2ACF /* agent */,
				7DB23A9C0F1D0272006C2ACF /* common */,
				7D7139A40F1CF11200B7C34B /* cli */,
				29B97315FDCFA39411CA2CEA /* Other Sources */,
				29B97323FDCFA39411CA2CEA /* Frameworks */,
				19C28FACFE9D520D11CA2CBB /* Products */,
			);
			name = Palourde;
			sourceTree = "<group>";
		};
		29B97315FDCFA39411CA2CEA /* Other Sources */ = {
			isa = PBXGroup;
			children = (
				32CA4F630368D1EE00C91783 /* Palourde_Prefix.pch */,
			);
			name = "Other Sources";
			sourceTree = "<group>";
		};
		29B97317FDCFA39411CA2CEA /* Resources */ = {
			isa = PBXGroup;
			children = (
				7D1BD2730F167B67000BD5C2 /* bombe__s01.png */,
				7D1BD2740F167B67000BD5C2 /* bombe__s02.png */,
				7D1BD2750F167B67000BD5C2 /* bombe__s03.png */,
				7D1BD2760F167B67000BD5C2 /* bombe__s04.png */,
				7D6E996D0F1619F6001A98E2 /* lapalourde.jpg */,
				8D1107310486CEB800E47090 /* Info.plist */,
				7D1BD26C0F167285000BD5C2 /* bombe.png */,
				089C165CFE840E0CC02AAC07 /* InfoPlist.strings */,
				1DDD58140DA1D0A300B32029 /* MainMenu.xib */,
				7DF1BC670F194D4900D807B1 /* Growl Registration Ticket.growlRegDict */,
			);
			name = Resources;
			sourceTree = "<group>";
		};
		29B97323FDCFA39411CA2CEA /* Frameworks */ = {
			isa = PBXGroup;
			children = (
				1058C7A0FEA54F0111CA2CBB /* Linked Frameworks */,
				1058C7A2FEA54F0111CA2CBB /* Other Frameworks */,
			);
			name = Frameworks;
			sourceTree = "<group>";
		};
		7D246E540F155C9900D6C68B /* UKKQueue */ = {
			isa = PBXGroup;
			children = (
				7D246E550F155C9900D6C68B /* UKFileWatcher.h */,
				7D246E560F155C9900D6C68B /* UKFileWatcher.m */,
				7D246E570F155C9900D6C68B /* UKFNSubscribeFileWatcher.h */,
				7D246E580F155C9900D6C68B /* UKFNSubscribeFileWatcher.m */,
				7D246E590F155C9900D6C68B /* UKKQueue Readme.txt */,
				7D246E5A0F155C9900D6C68B /* UKKQueue.h */,
				7D246E5B0F155C9900D6C68B /* UKKQueue.m */,
				7D246E5C0F155C9900D6C68B /* UKMainThreadProxy.h */,
				7D246E5D0F155C9900D6C68B /* UKMainThreadProxy.m */,
			);
			path = UKKQueue;
			sourceTree = "<group>";
		};
		7D7139A40F1CF11200B7C34B /* cli */ = {
			isa = PBXGroup;
			children = (
				7D7139A50F1CF13800B7C34B /* palourde.m */,
			);
			name = cli;
			sourceTree = "<group>";
		};
		7DB23A9C0F1D0272006C2ACF /* common */ = {
			isa = PBXGroup;
			children = (
				080E96DDFE201D6D7F000001 /* Classes */,
			);
			name = common;
			sourceTree = "<group>";
		};
		7DB23A9D0F1D027B006C2ACF /* agent */ = {
			isa = PBXGroup;
			children = (
				7DB23B290F1D0449006C2ACF /* Classes */,
				29B97316FDCFA39411CA2CEA /* main.m */,
				29B97317FDCFA39411CA2CEA /* Resources */,
			);
			name = agent;
			sourceTree = "<group>";
		};
		7DB23A9F0F1D02CD006C2ACF /* external */ = {
			isa = PBXGroup;
			children = (
				7D246E540F155C9900D6C68B /* UKKQueue */,
			);
			name = external;
			sourceTree = "<group>";
		};
		7DB23AA00F1D02F5006C2ACF /* preferencePane */ = {
			isa = PBXGroup;
			children = (
			);
			name = preferencePane;
			sourceTree = "<group>";
		};
		7DB23B290F1D0449006C2ACF /* Classes */ = {
			isa = PBXGroup;
			children = (
				7D6E996F0F161A28001A98E2 /* PAController.h */,
				7D6E99700F161A28001A98E2 /* PAController.m */,
			);
			name = Classes;
			sourceTree = "<group>";
		};
/* End PBXGroup section */

/* Begin PBXNativeTarget section */
		7D7139850F1CF00400B7C34B /* palourde */ = {
			isa = PBXNativeTarget;
			buildConfigurationList = 7D7139930F1CF02100B7C34B /* Build configuration list for PBXNativeTarget "palourde" */;
			buildPhases = (
				7D7139830F1CF00400B7C34B /* Sources */,
				7D7139840F1CF00400B7C34B /* Frameworks */,
			);
			buildRules = (
			);
			dependencies = (
			);
			name = palourde;
			productName = palourde;
			productReference = 7D7139860F1CF00400B7C34B /* palourde */;
			productType = "com.apple.product-type.tool";
		};
		8D1107260486CEB800E47090 /* Palourde */ = {
			isa = PBXNativeTarget;
			buildConfigurationList = C01FCF4A08A954540054247B /* Build configuration list for PBXNativeTarget "Palourde" */;
			buildPhases = (
				8D1107290486CEB800E47090 /* Resources */,
				8D11072C0486CEB800E47090 /* Sources */,
				8D11072E0486CEB800E47090 /* Frameworks */,
				7DF1BCD60F195B7400D807B1 /* CopyFiles */,
			);
			buildRules = (
			);
			dependencies = (
			);
			name = Palourde;
			productInstallPath = "$(HOME)/Applications";
			productName = Palourde;
			productReference = 8D1107320486CEB800E47090 /* Palourde.app */;
			productType = "com.apple.product-type.application";
		};
/* End PBXNativeTarget section */

/* Begin PBXProject section */
		29B97313FDCFA39411CA2CEA /* Project object */ = {
			isa = PBXProject;
			buildConfigurationList = C01FCF4E08A954540054247B /* Build configuration list for PBXProject "Palourde" */;
			compatibilityVersion = "Xcode 3.1";
			hasScannedForEncodings = 1;
			mainGroup = 29B97314FDCFA39411CA2CEA /* Palourde */;
			projectDirPath = "";
			projectRoot = "";
			targets = (
				8D1107260486CEB800E47090 /* Palourde */,
				7D7139850F1CF00400B7C34B /* palourde */,
				7D7139CF0F1CF4BB00B7C34B /* All */,
				7D76E0540F1E167800A8B7CC /* Install */,
			);
		};
/* End PBXProject section */

/* Begin PBXResourcesBuildPhase section */
		8D1107290486CEB800E47090 /* Resources */ = {
			isa = PBXResourcesBuildPhase;
			buildActionMask = 2147483647;
			files = (
				8D11072B0486CEB800E47090 /* InfoPlist.strings in Resources */,
				1DDD58160DA1D0A300B32029 /* MainMenu.xib in Resources */,
				7D246E600F155C9900D6C68B /* UKKQueue Readme.txt in Resources */,
				7D6E996E0F1619F6001A98E2 /* lapalourde.jpg in Resources */,
				7D1BD26D0F167285000BD5C2 /* bombe.png in Resources */,
				7D1BD2770F167B67000BD5C2 /* bombe__s01.png in Resources */,
				7D1BD2780F167B67000BD5C2 /* bombe__s02.png in Resources */,
				7D1BD2790F167B67000BD5C2 /* bombe__s03.png in Resources */,
				7D1BD27A0F167B67000BD5C2 /* bombe__s04.png in Resources */,
			);
			runOnlyForDeploymentPostprocessing = 0;
		};
/* End PBXResourcesBuildPhase section */

/* Begin PBXSourcesBuildPhase section */
		7D7139830F1CF00400B7C34B /* Sources */ = {
			isa = PBXSourcesBuildPhase;
			buildActionMask = 2147483647;
			files = (
				7D7139A60F1CF13800B7C34B /* palourde.m in Sources */,
				7D713A610F1CF6F300B7C34B /* ClamavClient.m in Sources */,
			);
			runOnlyForDeploymentPostprocessing = 0;
		};
		8D11072C0486CEB800E47090 /* Sources */ = {
			isa = PBXSourcesBuildPhase;
			buildActionMask = 2147483647;
			files = (
				8D11072D0486CEB800E47090 /* main.m in Sources */,
				7D246E5E0F155C9900D6C68B /* UKFileWatcher.m in Sources */,
				7D246E5F0F155C9900D6C68B /* UKFNSubscribeFileWatcher.m in Sources */,
				7D246E610F155C9900D6C68B /* UKKQueue.m in Sources */,
				7D246E620F155C9900D6C68B /* UKMainThreadProxy.m in Sources */,
				7D6E99710F161A28001A98E2 /* PAController.m in Sources */,
				7D713A620F1CF6F300B7C34B /* ClamavClient.m in Sources */,
			);
			runOnlyForDeploymentPostprocessing = 0;
		};
/* End PBXSourcesBuildPhase section */

/* Begin PBXTargetDependency section */
		7D7139D30F1CF4CA00B7C34B /* PBXTargetDependency */ = {
			isa = PBXTargetDependency;
			target = 8D1107260486CEB800E47090 /* Palourde */;
			targetProxy = 7D7139D20F1CF4CA00B7C34B /* PBXContainerItemProxy */;
		};
		7D7139D50F1CF4CE00B7C34B /* PBXTargetDependency */ = {
			isa = PBXTargetDependency;
			target = 7D7139850F1CF00400B7C34B /* palourde */;
			targetProxy = 7D7139D40F1CF4CE00B7C34B /* PBXContainerItemProxy */;
		};
		7D76E0580F1E167F00A8B7CC /* PBXTargetDependency */ = {
			isa = PBXTargetDependency;
			target = 8D1107260486CEB800E47090 /* Palourde */;
			targetProxy = 7D76E0570F1E167F00A8B7CC /* PBXContainerItemProxy */;
		};
/* End PBXTargetDependency section */

/* Begin PBXVariantGroup section */
		089C165CFE840E0CC02AAC07 /* InfoPlist.strings */ = {
			isa = PBXVariantGroup;
			children = (
				089C165DFE840E0CC02AAC07 /* English */,
			);
			name = InfoPlist.strings;
			sourceTree = "<group>";
		};
		1DDD58140DA1D0A300B32029 /* MainMenu.xib */ = {
			isa = PBXVariantGroup;
			children = (
				1DDD58150DA1D0A300B32029 /* English */,
			);
			name = MainMenu.xib;
			sourceTree = "<group>";
		};
/* End PBXVariantGroup section */

/* Begin XCBuildConfiguration section */
		7D7139880F1CF00500B7C34B /* Debug */ = {
			isa = XCBuildConfiguration;
			buildSettings = {
				ALWAYS_SEARCH_USER_PATHS = NO;
				COPY_PHASE_STRIP = NO;
				GCC_DYNAMIC_NO_PIC = NO;
				GCC_ENABLE_FIX_AND_CONTINUE = YES;
				GCC_MODEL_TUNING = G5;
				GCC_OPTIMIZATION_LEVEL = 0;
				GCC_PRECOMPILE_PREFIX_HEADER = YES;
				GCC_PREFIX_HEADER = "$(SYSTEM_LIBRARY_DIR)/Frameworks/AppKit.framework/Headers/AppKit.h";
				INSTALL_PATH = /usr/local/bin;
				OTHER_LDFLAGS = (
					"-framework",
					Foundation,
					"-framework",
					AppKit,
				);
				PREBINDING = NO;
				PRODUCT_NAME = palourde;
			};
			name = Debug;
		};
		7D7139890F1CF00500B7C34B /* Release */ = {
			isa = XCBuildConfiguration;
			buildSettings = {
				ALWAYS_SEARCH_USER_PATHS = NO;
				COPY_PHASE_STRIP = YES;
				DEBUG_INFORMATION_FORMAT = "dwarf-with-dsym";
				GCC_ENABLE_FIX_AND_CONTINUE = NO;
				GCC_MODEL_TUNING = G5;
				GCC_PRECOMPILE_PREFIX_HEADER = YES;
				GCC_PREFIX_HEADER = "$(SYSTEM_LIBRARY_DIR)/Frameworks/AppKit.framework/Headers/AppKit.h";
				INSTALL_PATH = /usr/local/bin;
				OTHER_LDFLAGS = (
					"-framework",
					Foundation,
					"-framework",
					AppKit,
				);
				PREBINDING = NO;
				PRODUCT_NAME = palourde;
				ZERO_LINK = NO;
			};
			name = Release;
		};
		7D7139D00F1CF4BB00B7C34B /* Debug */ = {
			isa = XCBuildConfiguration;
			buildSettings = {
				COPY_PHASE_STRIP = NO;
				GCC_DYNAMIC_NO_PIC = NO;
				GCC_OPTIMIZATION_LEVEL = 0;
				PRODUCT_NAME = All;
			};
			name = Debug;
		};
		7D7139D10F1CF4BB00B7C34B /* Release */ = {
			isa = XCBuildConfiguration;
			buildSettings = {
				COPY_PHASE_STRIP = YES;
				DEBUG_INFORMATION_FORMAT = "dwarf-with-dsym";
				GCC_ENABLE_FIX_AND_CONTINUE = NO;
				PRODUCT_NAME = All;
				ZERO_LINK = NO;
			};
			name = Release;
		};
		7D76E0550F1E167800A8B7CC /* Debug */ = {
			isa = XCBuildConfiguration;
			buildSettings = {
				COPY_PHASE_STRIP = NO;
				GCC_DYNAMIC_NO_PIC = NO;
				GCC_OPTIMIZATION_LEVEL = 0;
				PRODUCT_NAME = Install;
			};
			name = Debug;
		};
		7D76E0560F1E167800A8B7CC /* Release */ = {
			isa = XCBuildConfiguration;
			buildSettings = {
				COPY_PHASE_STRIP = YES;
				DEBUG_INFORMATION_FORMAT = "dwarf-with-dsym";
				GCC_ENABLE_FIX_AND_CONTINUE = NO;
				PRODUCT_NAME = Install;
				ZERO_LINK = NO;
			};
			name = Release;
		};
		C01FCF4B08A954540054247B /* Debug */ = {
			isa = XCBuildConfiguration;
			buildSettings = {
				ALWAYS_SEARCH_USER_PATHS = NO;
				COPY_PHASE_STRIP = NO;
				FRAMEWORK_SEARCH_PATHS = (
					"$(inherited)",
					"\"$(SRCROOT)\"",
				);
				GCC_DYNAMIC_NO_PIC = NO;
				GCC_ENABLE_FIX_AND_CONTINUE = YES;
				GCC_MODEL_TUNING = G5;
				GCC_OPTIMIZATION_LEVEL = 0;
				GCC_PRECOMPILE_PREFIX_HEADER = YES;
				GCC_PREFIX_HEADER = Palourde_Prefix.pch;
				INFOPLIST_FILE = Info.plist;
				INSTALL_PATH = "$(HOME)/Applications";
				PRODUCT_NAME = Palourde;
			};
			name = Debug;
		};
		C01FCF4C08A954540054247B /* Release */ = {
			isa = XCBuildConfiguration;
			buildSettings = {
				ALWAYS_SEARCH_USER_PATHS = NO;
				DEBUG_INFORMATION_FORMAT = "dwarf-with-dsym";
				FRAMEWORK_SEARCH_PATHS = (
					"$(inherited)",
					"\"$(SRCROOT)\"",
				);
				GCC_MODEL_TUNING = G5;
				GCC_PRECOMPILE_PREFIX_HEADER = YES;
				GCC_PREFIX_HEADER = Palourde_Prefix.pch;
				INFOPLIST_FILE = Info.plist;
				INSTALL_PATH = "$(HOME)/Applications";
				PRODUCT_NAME = Palourde;
			};
			name = Release;
		};
		C01FCF4F08A954540054247B /* Debug */ = {
			isa = XCBuildConfiguration;
			buildSettings = {
				ARCHS = "$(ARCHS_STANDARD_32_BIT)";
				GCC_C_LANGUAGE_STANDARD = c99;
				GCC_OPTIMIZATION_LEVEL = 0;
				GCC_WARN_ABOUT_RETURN_TYPE = YES;
				GCC_WARN_UNUSED_VARIABLE = YES;
				ONLY_ACTIVE_ARCH = YES;
				PREBINDING = NO;
				SDKROOT = macosx10.5;
			};
			name = Debug;
		};
		C01FCF5008A954540054247B /* Release */ = {
			isa = XCBuildConfiguration;
			buildSettings = {
				ARCHS = "$(ARCHS_STANDARD_32_BIT)";
				GCC_C_LANGUAGE_STANDARD = c99;
				GCC_WARN_ABOUT_RETURN_TYPE = YES;
				GCC_WARN_UNUSED_VARIABLE = YES;
				PREBINDING = NO;
				SDKROOT = macosx10.5;
			};
			name = Release;
		};
/* End XCBuildConfiguration section */

/* Begin XCConfigurationList section */
		7D7139930F1CF02100B7C34B /* Build configuration list for PBXNativeTarget "palourde" */ = {
			isa = XCConfigurationList;
			buildConfigurations = (
				7D7139880F1CF00500B7C34B /* Debug */,
				7D7139890F1CF00500B7C34B /* Release */,
			);
			defaultConfigurationIsVisible = 0;
			defaultConfigurationName = Release;
		};
		7D7139DC0F1CF4ED00B7C34B /* Build configuration list for PBXAggregateTarget "All" */ = {
			isa = XCConfigurationList;
			buildConfigurations = (
				7D7139D00F1CF4BB00B7C34B /* Debug */,
				7D7139D10F1CF4BB00B7C34B /* Release */,
			);
			defaultConfigurationIsVisible = 0;
			defaultConfigurationName = Release;
		};
		7D76E05C0F1E16C400A8B7CC /* Build configuration list for PBXAggregateTarget "Install" */ = {
			isa = XCConfigurationList;
			buildConfigurations = (
				7D76E0550F1E167800A8B7CC /* Debug */,
				7D76E0560F1E167800A8B7CC /* Release */,
			);
			defaultConfigurationIsVisible = 0;
			defaultConfigurationName = Release;
		};
		C01FCF4A08A954540054247B /* Build configuration list for PBXNativeTarget "Palourde" */ = {
			isa = XCConfigurationList;
			buildConfigurations = (
				C01FCF4B08A954540054247B /* Debug */,
				C01FCF4C08A954540054247B /* Release */,
			);
			defaultConfigurationIsVisible = 0;
			defaultConfigurationName = Release;
		};
		C01FCF4E08A954540054247B /* Build configuration list for PBXProject "Palourde" */ = {
			isa = XCConfigurationList;
			buildConfigurations = (
				C01FCF4F08A954540054247B /* Debug */,
				C01FCF5008A954540054247B /* Release */,
			);
			defaultConfigurationIsVisible = 0;
			defaultConfigurationName = Release;
		};
/* End XCConfigurationList section */
	};
	rootObject = 29B97313FDCFA39411CA2CEA /* Project object */;
}
